<?xml version="1.0" encoding="utf-8"?>
<Project ToolsVersion="4.0" xmlns="http://schemas.microsoft.com/developer/msbuild/2003">
  <ItemGroup>
    <Filter Include="kernel">
      <UniqueIdentifier>{a67371f1-7d13-4d15-b24e-c643cc1841fd}</UniqueIdentifier>
    </Filter>
    <Filter Include="interface">
      <UniqueIdentifier>{85c72d23-0f27-45be-b3a3-873b489df7d1}</UniqueIdentifier>
    </Filter>
    <Filter Include="interface\shell">
      <UniqueIdentifier>{257dfb67-ba18-495b-b39d-fd58063c0f32}</UniqueIdentifier>
    </Filter>
    <Filter Include="interface\character_movement">
      <UniqueIdentifier>{661333c3-7b9b-405e-a2b6-e9307f53b0d6}</UniqueIdentifier>
    </Filter>
    <Filter Include="interface\world">
      <UniqueIdentifier>{77ce6e7b-34c5-4f79-8a67-629002b63b8a}</UniqueIdentifier>
    </Filter>
    <Filter Include="physics">
      <UniqueIdentifier>{cf9012b6-2c37-44a3-ab19-c8c3556f6355}</UniqueIdentifier>
    </Filter>
    <Filter Include="physics\colliders">
      <UniqueIdentifier>{4a739462-6a5d-4bd7-ac61-8b9cc25b51e9}</UniqueIdentifier>
    </Filter>
    <Filter Include="physics\colliders\tri">
      <UniqueIdentifier>{25b08c61-ddd0-4898-bb93-0e4e0e49a9af}</UniqueIdentifier>
    </Filter>
    <Filter Include="physics\colliders\cyl">
      <UniqueIdentifier>{bc84527f-65db-419f-aa92-fc09a3195167}</UniqueIdentifier>
    </Filter>
    <Filter Include="physics\colliders\RayMotions">
      <UniqueIdentifier>{f5f3f942-9ec7-466b-91a6-64d5086c3956}</UniqueIdentifier>
    </Filter>
    <Filter Include="physics\ActivationBox">
      <UniqueIdentifier>{8dca2b65-9ae0-4029-ab54-66370d3da17c}</UniqueIdentifier>
    </Filter>
    <Filter Include="physics\Base">
      <UniqueIdentifier>{25f79bfb-ca81-44ab-898a-5190a5c225b5}</UniqueIdentifier>
    </Filter>
    <Filter Include="physics\Base\Objects">
      <UniqueIdentifier>{8866405b-11cd-4e60-9332-374c1cecf7f8}</UniqueIdentifier>
    </Filter>
    <Filter Include="physics\Base\Objects\Utils">
      <UniqueIdentifier>{40226c9d-fc0b-4118-85db-4bae27e2e156}</UniqueIdentifier>
    </Filter>
    <Filter Include="physics\Base\Objects\Utils\Interpolation">
      <UniqueIdentifier>{99fec760-4666-4e0e-b5f3-aefa167d143d}</UniqueIdentifier>
    </Filter>
    <Filter Include="physics\Base\Objects\Utils\Storage">
      <UniqueIdentifier>{1b4d3587-33ea-4eae-a28f-2909082fcbc8}</UniqueIdentifier>
    </Filter>
    <Filter Include="physics\Base\Objects\Utils\Math">
      <UniqueIdentifier>{109a2981-13cc-40a3-ac27-5df361a9bdaf}</UniqueIdentifier>
    </Filter>
    <Filter Include="physics\Base\Objects\BodyEffectors">
      <UniqueIdentifier>{2d249f4e-8b23-4c00-89ea-7c7e41fe1e4f}</UniqueIdentifier>
    </Filter>
    <Filter Include="physics\Base\Objects\PHNet">
      <UniqueIdentifier>{7b032213-7aae-43ea-b5f9-1105ddce6b4b}</UniqueIdentifier>
    </Filter>
    <Filter Include="physics\Base\Objects\MoveStorage">
      <UniqueIdentifier>{895b37a9-9e14-4e79-954d-e2dc4c4e3290}</UniqueIdentifier>
    </Filter>
    <Filter Include="physics\Base\Objects\Disabling">
      <UniqueIdentifier>{40328c9c-feb6-4e1c-a8b8-7c9d285054d1}</UniqueIdentifier>
    </Filter>
    <Filter Include="physics\Base\Objects\PhyMove">
      <UniqueIdentifier>{eeecd755-06c0-4bcf-9ea6-f908c503d5ee}</UniqueIdentifier>
    </Filter>
    <Filter Include="physics\Base\Objects\PhyMove\ActorCaracter">
      <UniqueIdentifier>{6172199d-f244-444a-aca0-6149234bd754}</UniqueIdentifier>
    </Filter>
    <Filter Include="physics\Base\Objects\PhyMove\AICharacter">
      <UniqueIdentifier>{bb26c313-99a6-49d8-bf7a-01ae3b40e679}</UniqueIdentifier>
    </Filter>
    <Filter Include="physics\Base\Objects\PhyMove\Capture">
      <UniqueIdentifier>{457de973-2124-4f0d-9e2d-2863e17a6cd2}</UniqueIdentifier>
    </Filter>
    <Filter Include="physics\Base\Objects\PhyMove\SipmpleCharacter">
      <UniqueIdentifier>{f14c2068-04a2-4fa6-8b8f-cd62ec1f65dc}</UniqueIdentifier>
    </Filter>
    <Filter Include="physics\Base\Objects\PhyMove\BaseCharacter">
      <UniqueIdentifier>{a532a1df-fefa-4ec7-814c-bfaee72b3119}</UniqueIdentifier>
    </Filter>
    <Filter Include="physics\Base\Objects\BaseShell">
      <UniqueIdentifier>{b73d04fc-c184-4177-8d2c-7d956b4fdb08}</UniqueIdentifier>
    </Filter>
    <Filter Include="physics\Base\Objects\BaseShell\PhysicsShellAnimator">
      <UniqueIdentifier>{9c69b725-48ad-4918-9021-1764e2df5cf1}</UniqueIdentifier>
    </Filter>
    <Filter Include="physics\Base\Objects\Element">
      <UniqueIdentifier>{9d8e69d4-7ba4-4a3c-bc29-392b962dc1ee}</UniqueIdentifier>
    </Filter>
    <Filter Include="physics\Base\Objects\Element\Geom">
      <UniqueIdentifier>{71e19044-735f-473a-ab3b-4b78791a39a4}</UniqueIdentifier>
    </Filter>
    <Filter Include="physics\Base\Objects\Joint">
      <UniqueIdentifier>{803d20f7-61ca-492c-850e-ac0626c25ec2}</UniqueIdentifier>
    </Filter>
    <Filter Include="physics\Base\Objects\Shell">
      <UniqueIdentifier>{1222ac22-f666-49d0-b98f-b8de7e6f3e3f}</UniqueIdentifier>
    </Filter>
    <Filter Include="physics\Base\Objects\Breakable">
      <UniqueIdentifier>{0b36e5e9-2bc7-4af3-a924-9bd07d296812}</UniqueIdentifier>
    </Filter>
    <Filter Include="physics\Base\Objects\SplitedShell">
      <UniqueIdentifier>{aadf3e83-0eb7-4da8-9451-3d6d9b8dec1b}</UniqueIdentifier>
    </Filter>
    <Filter Include="physics\Base\Objects\PHObject">
      <UniqueIdentifier>{882ecbab-f807-478e-84f5-59b700dc13d2}</UniqueIdentifier>
    </Filter>
    <Filter Include="physics\Base\Objects\PHIsland">
      <UniqueIdentifier>{7eb70d5a-763b-43c8-aca9-796712315d61}</UniqueIdentifier>
    </Filter>
    <Filter Include="physics\Base\Objects\World">
      <UniqueIdentifier>{804b0a97-f0ab-4ac5-ad98-f6379736107a}</UniqueIdentifier>
    </Filter>
    <Filter Include="physics\Base\Objects\CollideValidator">
      <UniqueIdentifier>{bb127b22-9a86-4e3a-b0cc-7753adffb62c}</UniqueIdentifier>
    </Filter>
    <Filter Include="physics\Base\Objects\StaticShell">
      <UniqueIdentifier>{62385997-f677-4305-b602-4d07cf223584}</UniqueIdentifier>
    </Filter>
    <Filter Include="physics\Base\Objects\script">
      <UniqueIdentifier>{95868b89-31ea-432f-8964-b1fb7a73a324}</UniqueIdentifier>
    </Filter>
    <Filter Include="physics\Base\Impact">
      <UniqueIdentifier>{2186ddcd-1989-4fce-835c-9645fbdc64fa}</UniqueIdentifier>
    </Filter>
    <Filter Include="physics\Base\Debug">
      <UniqueIdentifier>{62b2ef70-a131-4f31-8d85-945d2b9425e7}</UniqueIdentifier>
    </Filter>
    <Filter Include="physics\camera_collision">
      <UniqueIdentifier>{b27c5fb0-66d7-4ddb-8434-4bbb2eb7dc03}</UniqueIdentifier>
    </Filter>
    <Filter Include="physics\damage_receiver">
      <UniqueIdentifier>{2bd91435-5236-451d-b188-cc0822e008bf}</UniqueIdentifier>
    </Filter>
  </ItemGroup>
  <ItemGroup>
    <ClCompile Include="stdafx.cpp">
      <Filter>kernel</Filter>
    </ClCompile>
    <ClCompile Include="xrPhysics.cpp">
      <Filter>kernel</Filter>
    </ClCompile>
    <ClCompile Include="console_vars.cpp">
      <Filter>physics</Filter>
    </ClCompile>
    <ClCompile Include="ShellHit.cpp">
      <Filter>physics</Filter>
    </ClCompile>
    <ClCompile Include="tri-colliderknoopc\dcTriListCollider.cpp">
      <Filter>physics\colliders\tri</Filter>
    </ClCompile>
    <ClCompile Include="tri-colliderknoopc\dSortTriPrimitive.cpp">
      <Filter>physics\colliders\tri</Filter>
    </ClCompile>
    <ClCompile Include="tri-colliderknoopc\dTriBox.cpp">
      <Filter>physics\colliders\tri</Filter>
    </ClCompile>
    <ClCompile Include="tri-colliderknoopc\dTriCallideK.cpp">
      <Filter>physics\colliders\tri</Filter>
    </ClCompile>
    <ClCompile Include="tri-colliderknoopc\dTriCylinder.cpp">
      <Filter>physics\colliders\tri</Filter>
    </ClCompile>
    <ClCompile Include="tri-colliderknoopc\dTriList.cpp">
      <Filter>physics\colliders\tri</Filter>
    </ClCompile>
    <ClCompile Include="tri-colliderknoopc\dTriSphere.cpp">
      <Filter>physics\colliders\tri</Filter>
    </ClCompile>
    <ClCompile Include="dcylinder\dCylinder.cpp">
      <Filter>physics\colliders\cyl</Filter>
    </ClCompile>
    <ClCompile Include="dRayMotions.cpp">
      <Filter>physics\colliders\RayMotions</Filter>
    </ClCompile>
    <ClCompile Include="IActivationShape.cpp">
      <Filter>physics\ActivationBox</Filter>
    </ClCompile>
    <ClCompile Include="PHActivationShape.cpp">
      <Filter>physics\ActivationBox</Filter>
    </ClCompile>
    <ClCompile Include="PhysicsExternalCommon.cpp">
      <Filter>physics\Base</Filter>
    </ClCompile>
    <ClCompile Include="phvalide.cpp">
      <Filter>physics\Base\Objects\Utils</Filter>
    </ClCompile>
    <ClCompile Include="PHInterpolation.cpp">
      <Filter>physics\Base\Objects\Utils\Interpolation</Filter>
    </ClCompile>
    <ClCompile Include="MathUtils.cpp">
      <Filter>physics\Base\Objects\Utils\Math</Filter>
    </ClCompile>
    <ClCompile Include="PHDynamicData.cpp">
      <Filter>physics\Base\Objects\Utils\Math</Filter>
    </ClCompile>
    <ClCompile Include="PHContactBodyEffector.cpp">
      <Filter>physics\Base\Objects\BodyEffectors</Filter>
    </ClCompile>
    <ClCompile Include="..\xrServerEntities\PHNetState.cpp">
      <Filter>physics\Base\Objects\PHNet</Filter>
    </ClCompile>
    <ClCompile Include="PHMoveStorage.cpp">
      <Filter>physics\Base\Objects\MoveStorage</Filter>
    </ClCompile>
    <ClCompile Include="DisablingParams.cpp">
      <Filter>physics\Base\Objects\Disabling</Filter>
    </ClCompile>
    <ClCompile Include="PHDisabling.cpp">
      <Filter>physics\Base\Objects\Disabling</Filter>
    </ClCompile>
    <ClCompile Include="PHActorCharacter.cpp">
      <Filter>physics\Base\Objects\PhyMove\ActorCaracter</Filter>
    </ClCompile>
    <ClCompile Include="PHAICharacter.cpp">
      <Filter>physics\Base\Objects\PhyMove\AICharacter</Filter>
    </ClCompile>
    <ClCompile Include="PHCapture.cpp">
      <Filter>physics\Base\Objects\PhyMove\Capture</Filter>
    </ClCompile>
    <ClCompile Include="PHCaptureInit.cpp">
      <Filter>physics\Base\Objects\PhyMove\Capture</Filter>
    </ClCompile>
    <ClCompile Include="ElevatorState.cpp">
      <Filter>physics\Base\Objects\PhyMove\SipmpleCharacter</Filter>
    </ClCompile>
    <ClCompile Include="PHSimpleCharacter.cpp">
      <Filter>physics\Base\Objects\PhyMove\SipmpleCharacter</Filter>
    </ClCompile>
    <ClCompile Include="MovementBoxDynamicActivate.cpp">
      <Filter>physics\Base\Objects\PhyMove\BaseCharacter</Filter>
    </ClCompile>
    <ClCompile Include="PHCharacter.cpp">
      <Filter>physics\Base\Objects\PhyMove\BaseCharacter</Filter>
    </ClCompile>
    <ClCompile Include="PhysicsShell.cpp">
      <Filter>physics\Base\Objects\BaseShell</Filter>
    </ClCompile>
    <ClCompile Include="PhysicsShellAnimator.cpp">
      <Filter>physics\Base\Objects\BaseShell\PhysicsShellAnimator</Filter>
    </ClCompile>
    <ClCompile Include="PHElement.cpp">
      <Filter>physics\Base\Objects\Element</Filter>
    </ClCompile>
    <ClCompile Include="PHElementNetState.cpp">
      <Filter>physics\Base\Objects\Element</Filter>
    </ClCompile>
    <ClCompile Include="ExtendedGeom.cpp">
      <Filter>physics\Base\Objects\Element\Geom</Filter>
    </ClCompile>
    <ClCompile Include="Geometry.cpp">
      <Filter>physics\Base\Objects\Element\Geom</Filter>
    </ClCompile>
    <ClCompile Include="PHGeometryOwner.cpp">
      <Filter>physics\Base\Objects\Element\Geom</Filter>
    </ClCompile>
    <ClCompile Include="PHJoint.cpp">
      <Filter>physics\Base\Objects\Joint</Filter>
    </ClCompile>
    <ClCompile Include="PHShell.cpp">
      <Filter>physics\Base\Objects\Shell</Filter>
    </ClCompile>
    <ClCompile Include="PHShellActivate.cpp">
      <Filter>physics\Base\Objects\Shell</Filter>
    </ClCompile>
    <ClCompile Include="PHShellNetState.cpp">
      <Filter>physics\Base\Objects\Shell</Filter>
    </ClCompile>
    <ClCompile Include="PHFracture.cpp">
      <Filter>physics\Base\Objects\Breakable</Filter>
    </ClCompile>
    <ClCompile Include="PHJointDestroyInfo.cpp">
      <Filter>physics\Base\Objects\Breakable</Filter>
    </ClCompile>
    <ClCompile Include="PHShellSplitter.cpp">
      <Filter>physics\Base\Objects\Breakable</Filter>
    </ClCompile>
    <ClCompile Include="PHSplitedShell.cpp">
      <Filter>physics\Base\Objects\SplitedShell</Filter>
    </ClCompile>
    <ClCompile Include="PHObject.cpp">
      <Filter>physics\Base\Objects\PHObject</Filter>
    </ClCompile>
    <ClCompile Include="PHIsland.cpp">
      <Filter>physics\Base\Objects\PHIsland</Filter>
    </ClCompile>
    <ClCompile Include="GeometryBits.cpp">
      <Filter>physics\Base\Objects\World</Filter>
    </ClCompile>
    <ClCompile Include="params.cpp">
      <Filter>physics\Base\Objects\World</Filter>
    </ClCompile>
    <ClCompile Include="PHWorld.cpp">
      <Filter>physics\Base\Objects\World</Filter>
    </ClCompile>
    <ClCompile Include="Physics.cpp">
      <Filter>physics\Base\Objects\World</Filter>
    </ClCompile>
    <ClCompile Include="PHCollideValidator.cpp">
      <Filter>physics\Base\Objects\CollideValidator</Filter>
    </ClCompile>
    <ClCompile Include="PHStaticGeomShell.cpp">
      <Filter>physics\Base\Objects\StaticShell</Filter>
    </ClCompile>
    <ClCompile Include="physics_scripted.cpp">
      <Filter>physics\Base\Objects\script</Filter>
    </ClCompile>
    <ClCompile Include="debug_output.cpp">
      <Filter>physics\Base\Debug</Filter>
    </ClCompile>
    <ClCompile Include="ActorCameraCollision.cpp">
      <Filter>physics\camera_collision</Filter>
    </ClCompile>
    <ClCompile Include="collisiondamagereceiver.cpp">
      <Filter>physics\damage_receiver</Filter>
    </ClCompile>
  </ItemGroup>
  <ItemGroup>
    <ClInclude Include="stdafx.h">
      <Filter>kernel</Filter>
    </ClInclude>
    <ClInclude Include="xrPhysics.h">
      <Filter>kernel</Filter>
    </ClInclude>
    <ClInclude Include="console_vars.h">
      <Filter>physics</Filter>
    </ClInclude>
    <ClInclude Include="tri-colliderknoopc\__aabb_tri.h">
      <Filter>physics\colliders\tri</Filter>
    </ClInclude>
    <ClInclude Include="tri-colliderknoopc\dcTriangle.h">
      <Filter>physics\colliders\tri</Filter>
    </ClInclude>
    <ClInclude Include="tri-colliderknoopc\dcTriListCollider.h">
      <Filter>physics\colliders\tri</Filter>
    </ClInclude>
    <ClInclude Include="tri-colliderknoopc\dSortTriPrimitive.h">
      <Filter>physics\colliders\tri</Filter>
    </ClInclude>
    <ClInclude Include="tri-colliderknoopc\dTriBox.h">
      <Filter>physics\colliders\tri</Filter>
    </ClInclude>
    <ClInclude Include="tri-colliderknoopc\dTriCollideK.h">
      <Filter>physics\colliders\tri</Filter>
    </ClInclude>
    <ClInclude Include="tri-colliderknoopc\dTriColliderCommon.h">
      <Filter>physics\colliders\tri</Filter>
    </ClInclude>
    <ClInclude Include="tri-colliderknoopc\dTriColliderMath.h">
      <Filter>physics\colliders\tri</Filter>
    </ClInclude>
    <ClInclude Include="tri-colliderknoopc\dTriCylinder.h">
      <Filter>physics\colliders\tri</Filter>
    </ClInclude>
    <ClInclude Include="tri-colliderknoopc\dTriList.h">
      <Filter>physics\colliders\tri</Filter>
    </ClInclude>
    <ClInclude Include="tri-colliderknoopc\dTriSphere.h">
      <Filter>physics\colliders\tri</Filter>
    </ClInclude>
    <ClInclude Include="tri-colliderknoopc\dxTriList.h">
      <Filter>physics\colliders\tri</Filter>
    </ClInclude>
    <ClInclude Include="tri-colliderknoopc\TriPrimitiveCollideClassDef.h">
      <Filter>physics\colliders\tri</Filter>
    </ClInclude>
    <ClInclude Include="dcylinder\dCylinder.h">
      <Filter>physics\colliders\cyl</Filter>
    </ClInclude>
    <ClInclude Include="dRayMotions.h">
      <Filter>physics\colliders\RayMotions</Filter>
    </ClInclude>
    <ClInclude Include="IActivationShape.h">
      <Filter>physics\ActivationBox</Filter>
    </ClInclude>
    <ClInclude Include="PHActivationShape.h">
      <Filter>physics\ActivationBox</Filter>
    </ClInclude>
    <ClInclude Include="DamageSource.h">
      <Filter>physics\Base</Filter>
    </ClInclude>
    <ClInclude Include="ode_include.h">
      <Filter>physics\Base</Filter>
    </ClInclude>
    <ClInclude Include="ode_redefine.h">
      <Filter>physics\Base</Filter>
    </ClInclude>
    <ClInclude Include="PhysicsCommon.h">
      <Filter>physics\Base</Filter>
    </ClInclude>
    <ClInclude Include="PhysicsExternalCommon.h">
      <Filter>physics\Base</Filter>
    </ClInclude>
    <ClInclude Include="PHDefs.h">
      <Filter>physics\Base\Objects</Filter>
    </ClInclude>
    <ClInclude Include="ph_valid_ode.h">
      <Filter>physics\Base\Objects\Utils</Filter>
    </ClInclude>
    <ClInclude Include="phvalide.h">
      <Filter>physics\Base\Objects\Utils</Filter>
    </ClInclude>
    <ClInclude Include="PHValideValues.h">
      <Filter>physics\Base\Objects\Utils</Filter>
    </ClInclude>
    <ClInclude Include="PHInterpolation.h">
      <Filter>physics\Base\Objects\Utils\Interpolation</Filter>
    </ClInclude>
    <ClInclude Include="BlockAllocator.h">
      <Filter>physics\Base\Objects\Utils\Storage</Filter>
    </ClInclude>
    <ClInclude Include="CycleConstStorage.h">
      <Filter>physics\Base\Objects\Utils\Storage</Filter>
    </ClInclude>
    <ClInclude Include="CalculateTriangle.h">
      <Filter>physics\Base\Objects\Utils\Math</Filter>
    </ClInclude>
    <ClInclude Include="MathUtils.h">
      <Filter>physics\Base\Objects\Utils\Math</Filter>
    </ClInclude>
    <ClInclude Include="MathUtilsOde.h">
      <Filter>physics\Base\Objects\Utils\Math</Filter>
    </ClInclude>
    <ClInclude Include="matrix_utils.h">
      <Filter>physics\Base\Objects\Utils\Math</Filter>
    </ClInclude>
    <ClInclude Include="PHDynamicData.h">
      <Filter>physics\Base\Objects\Utils\Math</Filter>
    </ClInclude>
    <ClInclude Include="PHBaseBodyEffector.h">
      <Filter>physics\Base\Objects\BodyEffectors</Filter>
    </ClInclude>
    <ClInclude Include="PHContactBodyEffector.h">
      <Filter>physics\Base\Objects\BodyEffectors</Filter>
    </ClInclude>
    <ClInclude Include="..\xrServerEntities\PHNetState.h">
      <Filter>physics\Base\Objects\PHNet</Filter>
    </ClInclude>
    <ClInclude Include="PHMoveStorage.h">
      <Filter>physics\Base\Objects\MoveStorage</Filter>
    </ClInclude>
    <ClInclude Include="DisablingParams.h">
      <Filter>physics\Base\Objects\Disabling</Filter>
    </ClInclude>
    <ClInclude Include="PHDisabling.h">
      <Filter>physics\Base\Objects\Disabling</Filter>
    </ClInclude>
    <ClInclude Include="PHActorCharacter.h">
      <Filter>physics\Base\Objects\PhyMove\ActorCaracter</Filter>
    </ClInclude>
    <ClInclude Include="PHActorCharacterInline.h">
      <Filter>physics\Base\Objects\PhyMove\ActorCaracter</Filter>
    </ClInclude>
    <ClInclude Include="PHAICharacter.h">
      <Filter>physics\Base\Objects\PhyMove\AICharacter</Filter>
    </ClInclude>
    <ClInclude Include="IPHCapture.h">
      <Filter>physics\Base\Objects\PhyMove\Capture</Filter>
    </ClInclude>
    <ClInclude Include="PHCapture.h">
      <Filter>physics\Base\Objects\PhyMove\Capture</Filter>
    </ClInclude>
    <ClInclude Include="ElevatorState.h">
      <Filter>physics\Base\Objects\PhyMove\SipmpleCharacter</Filter>
    </ClInclude>
    <ClInclude Include="iclimableobject.h">
      <Filter>physics\Base\Objects\PhyMove\SipmpleCharacter</Filter>
    </ClInclude>
    <ClInclude Include="IElevatorState.h">
      <Filter>physics\Base\Objects\PhyMove\SipmpleCharacter</Filter>
    </ClInclude>
    <ClInclude Include="PHSimpleCharacter.h">
      <Filter>physics\Base\Objects\PhyMove\SipmpleCharacter</Filter>
    </ClInclude>
    <ClInclude Include="PHSimpleCharacterInline.h">
      <Filter>physics\Base\Objects\PhyMove\SipmpleCharacter</Filter>
    </ClInclude>
    <ClInclude Include="IColisiondamageInfo.h">
      <Filter>physics\Base\Objects\PhyMove\BaseCharacter</Filter>
    </ClInclude>
    <ClInclude Include="MovementBoxDynamicActivate.h">
      <Filter>physics\Base\Objects\PhyMove\BaseCharacter</Filter>
    </ClInclude>
    <ClInclude Include="PHCharacter.h">
      <Filter>physics\Base\Objects\PhyMove\BaseCharacter</Filter>
    </ClInclude>
    <ClInclude Include="IPhysicsShellHolder.h">
      <Filter>physics\Base\Objects\BaseShell</Filter>
    </ClInclude>
    <ClInclude Include="PhysicsShell.h">
      <Filter>physics\Base\Objects\BaseShell</Filter>
    </ClInclude>
    <ClInclude Include="PhysicsShellAnimator.h">
      <Filter>physics\Base\Objects\BaseShell\PhysicsShellAnimator</Filter>
    </ClInclude>
    <ClInclude Include="PhysicsShellAnimatorBoneData.h">
      <Filter>physics\Base\Objects\BaseShell\PhysicsShellAnimator</Filter>
    </ClInclude>
    <ClInclude Include="PHElement.h">
      <Filter>physics\Base\Objects\Element</Filter>
    </ClInclude>
    <ClInclude Include="PHElementInline.h">
      <Filter>physics\Base\Objects\Element</Filter>
    </ClInclude>
    <ClInclude Include="ExtendedGeom.h">
      <Filter>physics\Base\Objects\Element\Geom</Filter>
    </ClInclude>
    <ClInclude Include="Geometry.h">
      <Filter>physics\Base\Objects\Element\Geom</Filter>
    </ClInclude>
    <ClInclude Include="PHGeometryOwner.h">
      <Filter>physics\Base\Objects\Element\Geom</Filter>
    </ClInclude>
    <ClInclude Include="PHJoint.h">
      <Filter>physics\Base\Objects\Joint</Filter>
    </ClInclude>
    <ClInclude Include="PHShell.h">
      <Filter>physics\Base\Objects\Shell</Filter>
    </ClInclude>
    <ClInclude Include="PHShellBuildJoint.h">
      <Filter>physics\Base\Objects\Shell</Filter>
    </ClInclude>
    <ClInclude Include="PHFracture.h">
      <Filter>physics\Base\Objects\Breakable</Filter>
    </ClInclude>
    <ClInclude Include="PHJointDestroyInfo.h">
      <Filter>physics\Base\Objects\Breakable</Filter>
    </ClInclude>
    <ClInclude Include="PHShellSplitter.h">
      <Filter>physics\Base\Objects\Breakable</Filter>
    </ClInclude>
    <ClInclude Include="PHSplitedShell.h">
      <Filter>physics\Base\Objects\SplitedShell</Filter>
    </ClInclude>
    <ClInclude Include="PHObject.h">
      <Filter>physics\Base\Objects\PHObject</Filter>
    </ClInclude>
    <ClInclude Include="PHUpdateObject.h">
      <Filter>physics\Base\Objects\PHObject</Filter>
    </ClInclude>
    <ClInclude Include="PHIsland.h">
      <Filter>physics\Base\Objects\PHIsland</Filter>
    </ClInclude>
    <ClInclude Include="GeometryBits.h">
      <Filter>physics\Base\Objects\World</Filter>
    </ClInclude>
    <ClInclude Include="IPHWorld.h">
      <Filter>physics\Base\Objects\World</Filter>
    </ClInclude>
    <ClInclude Include="params.h">
      <Filter>physics\Base\Objects\World</Filter>
    </ClInclude>
    <ClInclude Include="PHItemList.h">
      <Filter>physics\Base\Objects\World</Filter>
    </ClInclude>
    <ClInclude Include="PHWorld.h">
      <Filter>physics\Base\Objects\World</Filter>
    </ClInclude>
    <ClInclude Include="Physics.h">
      <Filter>physics\Base\Objects\World</Filter>
    </ClInclude>
    <ClInclude Include="ICollideValidator.h">
      <Filter>physics\Base\Objects\CollideValidator</Filter>
    </ClInclude>
    <ClInclude Include="PHCollideValidator.h">
      <Filter>physics\Base\Objects\CollideValidator</Filter>
    </ClInclude>
    <ClInclude Include="IPHStaticGeomShell.h">
      <Filter>physics\Base\Objects\StaticShell</Filter>
    </ClInclude>
    <ClInclude Include="PHStaticGeomShell.h">
      <Filter>physics\Base\Objects\StaticShell</Filter>
    </ClInclude>
    <ClInclude Include="iphysics_scripted.h">
      <Filter>physics\Base\Objects\script</Filter>
    </ClInclude>
    <ClInclude Include="physics_scripted.h">
      <Filter>physics\Base\Objects\script</Filter>
    </ClInclude>
    <ClInclude Include="PHImpact.h">
      <Filter>physics\Base\Impact</Filter>
    </ClInclude>
    <ClInclude Include="debug_output.h">
      <Filter>physics\Base\Debug</Filter>
    </ClInclude>
    <ClInclude Include="ActorCameraCollision.h">
      <Filter>physics\camera_collision</Filter>
    </ClInclude>
    <ClInclude Include="icollisiondamagereceiver.h">
      <Filter>physics\damage_receiver</Filter>
    </ClInclude>
  </ItemGroup>
</Project>