<?xml version="1.0" encoding="utf-8"?>
<Project ToolsVersion="4.0" xmlns="http://schemas.microsoft.com/developer/msbuild/2003">
  <ItemGroup>
    <Filter Include="Kernel">
      <UniqueIdentifier>{a48e945d-d48c-4e15-be18-589cd785c080}</UniqueIdentifier>
    </Filter>
    <Filter Include="Shared Files">
      <UniqueIdentifier>{a7d34c65-52cc-4309-8a3b-a7242ac5b7bb}</UniqueIdentifier>
    </Filter>
    <Filter Include="Shared Files\Engine">
      <UniqueIdentifier>{0c44d30f-8376-44d0-9760-9aac186970d6}</UniqueIdentifier>
    </Filter>
    <Filter Include="Shared Files\Editor">
      <UniqueIdentifier>{e7400809-8c75-43b2-a71f-dcad8512805f}</UniqueIdentifier>
    </Filter>
    <Filter Include="Shared Files\Server">
      <UniqueIdentifier>{9dcd99fd-ce6c-47d2-9b8f-9f4ef1ee9f2b}</UniqueIdentifier>
    </Filter>
    <Filter Include="Export">
      <UniqueIdentifier>{2511b991-056e-4cfd-9e6f-22615f18e625}</UniqueIdentifier>
    </Filter>
    <Filter Include="Export\SceneScan">
      <UniqueIdentifier>{6fe8680b-9543-4070-b6d2-bed07170e88a}</UniqueIdentifier>
    </Filter>
    <Filter Include="Export\LWO">
      <UniqueIdentifier>{b13c8b4a-a2f9-4c3a-8d9d-7cd8120fa82b}</UniqueIdentifier>
    </Filter>
  </ItemGroup>
  <ItemGroup>
    <ClCompile Include="Export\stdafx.cpp">
      <Filter>Kernel</Filter>
    </ClCompile>
    <ClCompile Include="..\Shared\bone.cpp">
      <Filter>Shared Files\Engine</Filter>
    </ClCompile>
    <ClCompile Include="..\Shared\Envelope.cpp">
      <Filter>Shared Files\Engine</Filter>
    </ClCompile>
    <ClCompile Include="..\Shared\interp.cpp">
      <Filter>Shared Files\Engine</Filter>
    </ClCompile>
    <ClCompile Include="..\Shared\motion.cpp">
      <Filter>Shared Files\Engine</Filter>
    </ClCompile>
    <ClCompile Include="..\..\editors\ECore\Editor\EditMesh.cpp">
      <Filter>Shared Files\Editor</Filter>
    </ClCompile>
    <ClCompile Include="..\..\editors\ECore\Editor\EditMeshIO.cpp">
      <Filter>Shared Files\Editor</Filter>
    </ClCompile>
    <ClCompile Include="..\..\editors\ECore\Editor\EditMeshModify.cpp">
      <Filter>Shared Files\Editor</Filter>
    </ClCompile>
    <ClCompile Include="..\..\editors\ECore\Editor\EditObject.cpp">
      <Filter>Shared Files\Editor</Filter>
    </ClCompile>
    <ClCompile Include="..\..\editors\ECore\Editor\EditObjectImport.cpp">
      <Filter>Shared Files\Editor</Filter>
    </ClCompile>
    <ClCompile Include="..\..\editors\ECore\Editor\EditObjectIO.cpp">
      <Filter>Shared Files\Editor</Filter>
    </ClCompile>
    <ClCompile Include="..\..\editors\ECore\Editor\EditObjectMotions.cpp">
      <Filter>Shared Files\Editor</Filter>
    </ClCompile>
    <ClCompile Include="..\..\editors\ECore\Editor\ELog.cpp">
      <Filter>Shared Files\Editor</Filter>
    </ClCompile>
    <ClCompile Include="Server\servmain.c">
      <Filter>Shared Files\Server</Filter>
    </ClCompile>
    <ClCompile Include="Export\bone_lw.cpp">
      <Filter>Export</Filter>
    </ClCompile>
    <ClCompile Include="Export\envtest.c">
      <Filter>Export</Filter>
    </ClCompile>
    <ClCompile Include="Export\LW_export_keys.cpp">
      <Filter>Export</Filter>
    </ClCompile>
    <ClCompile Include="Export\LW_export_motion.cpp">
      <Filter>Export</Filter>
    </ClCompile>
    <ClCompile Include="Export\LW_export_object.cpp">
      <Filter>Export</Filter>
    </ClCompile>
    <ClCompile Include="Export\motion_lw.cpp">
      <Filter>Export</Filter>
    </ClCompile>
    <ClCompile Include="Export\scenscan\objectdb.cpp">
      <Filter>Export\SceneScan</Filter>
    </ClCompile>
    <ClCompile Include="Export\scenscan\ptsearch.cpp">
      <Filter>Export\SceneScan</Filter>
    </ClCompile>
    <ClCompile Include="Export\scenscan\surface.cpp">
      <Filter>Export\SceneScan</Filter>
    </ClCompile>
    <ClCompile Include="Export\scenscan\vecmat.cpp">
      <Filter>Export\SceneScan</Filter>
    </ClCompile>
    <ClCompile Include="Export\scenscan\vmap.cpp">
      <Filter>Export\SceneScan</Filter>
    </ClCompile>
    <ClCompile Include="..\..\utils\LWO\clip.c">
      <Filter>Export\LWO</Filter>
    </ClCompile>
    <ClCompile Include="..\..\utils\LWO\envelope.c">
      <Filter>Export\LWO</Filter>
    </ClCompile>
    <ClCompile Include="..\..\utils\LWO\list.c">
      <Filter>Export\LWO</Filter>
    </ClCompile>
    <ClCompile Include="..\..\utils\LWO\lwio.c">
      <Filter>Export\LWO</Filter>
    </ClCompile>
    <ClCompile Include="..\..\utils\LWO\LWO.cpp">
      <Filter>Export\LWO</Filter>
    </ClCompile>
    <ClCompile Include="..\..\utils\LWO\lwo2.c">
      <Filter>Export\LWO</Filter>
    </ClCompile>
    <ClCompile Include="..\..\utils\LWO\lwob.c">
      <Filter>Export\LWO</Filter>
    </ClCompile>
    <ClCompile Include="..\..\utils\LWO\main.c">
      <Filter>Export\LWO</Filter>
    </ClCompile>
    <ClCompile Include="..\..\utils\LWO\pntspols.c">
      <Filter>Export\LWO</Filter>
    </ClCompile>
    <ClCompile Include="..\..\utils\LWO\surface.c">
      <Filter>Export\LWO</Filter>
    </ClCompile>
    <ClCompile Include="..\..\utils\LWO\vecmath.c">
      <Filter>Export\LWO</Filter>
    </ClCompile>
    <ClCompile Include="..\..\utils\LWO\vmap.c">
      <Filter>Export\LWO</Filter>
    </ClCompile>
  </ItemGroup>
  <ItemGroup>
    <ClInclude Include="Export\stdafx.h">
      <Filter>Kernel</Filter>
    </ClInclude>
    <ClInclude Include="..\Shared\bone.h">
      <Filter>Shared Files\Engine</Filter>
    </ClInclude>
    <ClInclude Include="..\Shared\envelope.h">
      <Filter>Shared Files\Engine</Filter>
    </ClInclude>
    <ClInclude Include="..\Shared\motion.h">
      <Filter>Shared Files\Engine</Filter>
    </ClInclude>
    <ClInclude Include="..\..\editors\ECore\Editor\EditMesh.h">
      <Filter>Shared Files\Editor</Filter>
    </ClInclude>
    <ClInclude Include="..\..\editors\ECore\Editor\EditObject.h">
      <Filter>Shared Files\Editor</Filter>
    </ClInclude>
    <ClInclude Include="..\..\editors\ECore\Editor\ELog.h">
      <Filter>Shared Files\Editor</Filter>
    </ClInclude>
    <ClInclude Include="Export\lwo2.h">
      <Filter>Export</Filter>
    </ClInclude>
    <ClInclude Include="Export\resource.h">
      <Filter>Export</Filter>
    </ClInclude>
    <ClInclude Include="Export\scenscan\objectdb.h">
      <Filter>Export\SceneScan</Filter>
    </ClInclude>
    <ClInclude Include="Export\scenscan\scenscan.h">
      <Filter>Export\SceneScan</Filter>
    </ClInclude>
    <ClInclude Include="Export\scenscan\vecmat.h">
      <Filter>Export\SceneScan</Filter>
    </ClInclude>
    <ClInclude Include="..\..\utils\LWO\envelope.h">
      <Filter>Export\LWO</Filter>
    </ClInclude>
    <ClInclude Include="..\..\utils\LWO\lwo2.h">
      <Filter>Export\LWO</Filter>
    </ClInclude>
    <ClInclude Include="..\..\utils\LWO\StdAfx.h">
      <Filter>Export\LWO</Filter>
    </ClInclude>
  </ItemGroup>
</Project>