<?xml version="1.0" encoding="utf-8"?>
<Project ToolsVersion="4.0" xmlns="http://schemas.microsoft.com/developer/msbuild/2003">
  <ItemGroup>
    <Filter Include="Kernel">
      <UniqueIdentifier>{54b6f76d-d9c7-4165-90d3-d4e1b9dc59f0}</UniqueIdentifier>
    </Filter>
    <Filter Include="Core">
      <UniqueIdentifier>{4ea7bf1a-f707-475f-b69e-4b17fafa5577}</UniqueIdentifier>
    </Filter>
    <Filter Include="Core\ColorMap">
      <UniqueIdentifier>{110d9231-06ae-43d9-9e2d-1670ac83f58b}</UniqueIdentifier>
    </Filter>
    <Filter Include="Details">
      <UniqueIdentifier>{9b25cc1e-2af2-466a-bd1f-609c9cabb781}</UniqueIdentifier>
    </Filter>
    <Filter Include="Stripifier">
      <UniqueIdentifier>{3d5c0255-7486-4972-a009-c88bf7a10e28}</UniqueIdentifier>
    </Filter>
    <Filter Include="Glows">
      <UniqueIdentifier>{30ac192d-fb93-4282-87d1-88c466a7fbd8}</UniqueIdentifier>
    </Filter>
    <Filter Include="Wallmarks">
      <UniqueIdentifier>{de31e7d9-f752-4160-8e9a-7a720e0cbffa}</UniqueIdentifier>
    </Filter>
    <Filter Include="Shading templates">
      <UniqueIdentifier>{3d343a99-903a-4f00-b87d-5cc213027809}</UniqueIdentifier>
    </Filter>
    <Filter Include="Visibility">
      <UniqueIdentifier>{95aa9bb2-838f-401d-8145-6bcd3750bc4e}</UniqueIdentifier>
    </Filter>
    <Filter Include="Visibility\Sector/Portal">
      <UniqueIdentifier>{9c24b01a-a707-42d1-b789-32499979c030}</UniqueIdentifier>
    </Filter>
    <Filter Include="Visibility\HOM Occlusion">
      <UniqueIdentifier>{96d588a8-e756-4152-8c3d-121f78589646}</UniqueIdentifier>
    </Filter>
    <Filter Include="Lights">
      <UniqueIdentifier>{f0bb9410-fddb-4b72-875c-54894d65ed50}</UniqueIdentifier>
    </Filter>
    <Filter Include="Interfase implementations">
      <UniqueIdentifier>{9f80bbfe-129e-4151-9514-86d246881cb1}</UniqueIdentifier>
    </Filter>
    <Filter Include="Interfase implementations\RenderFactory">
      <UniqueIdentifier>{1b85f8fa-8739-4c86-833a-eaa8fa7ee8c8}</UniqueIdentifier>
    </Filter>
    <Filter Include="Interfase implementations\LensFlare">
      <UniqueIdentifier>{f9b7dd39-0d29-45f4-af85-1c57df2bec20}</UniqueIdentifier>
    </Filter>
    <Filter Include="Interfase implementations\FactoryPtr">
      <UniqueIdentifier>{063b68c2-94a5-4431-b23c-a73bd9dac144}</UniqueIdentifier>
    </Filter>
    <Filter Include="Interfase implementations\ApplicationRender">
      <UniqueIdentifier>{9c4ffea6-db02-41a8-987d-fbd97aae3fa3}</UniqueIdentifier>
    </Filter>
    <Filter Include="Interfase implementations\RainRender">
      <UniqueIdentifier>{88b91303-3810-4034-a2ce-0acd665787ef}</UniqueIdentifier>
    </Filter>
    <Filter Include="Interfase implementations\ThunderboltRender">
      <UniqueIdentifier>{95e479c0-62d9-4c68-90a8-6d28a9958579}</UniqueIdentifier>
    </Filter>
    <Filter Include="Interfase implementations\EnvironmentRender">
      <UniqueIdentifier>{b0f230b8-6bbd-465a-94c5-658bce99f345}</UniqueIdentifier>
    </Filter>
    <Filter Include="Interfase implementations\RenderDeviceRender">
      <UniqueIdentifier>{014e396e-db9e-4071-929d-e87bcabef946}</UniqueIdentifier>
    </Filter>
    <Filter Include="Interfase implementations\ConsoleRender">
      <UniqueIdentifier>{25dcb75a-86fd-4fcd-b74e-47eea8269840}</UniqueIdentifier>
    </Filter>
    <Filter Include="Interfase implementations\ObjectSpaceRender">
      <UniqueIdentifier>{71269172-efb0-4f7f-bd8c-c17ebad7c9c8}</UniqueIdentifier>
    </Filter>
    <Filter Include="Interfase implementations\FontRender">
      <UniqueIdentifier>{f376bc6a-6193-4486-8719-7826ff3d2f47}</UniqueIdentifier>
    </Filter>
    <Filter Include="Interfase implementations\WallMarkArray">
      <UniqueIdentifier>{545fefa4-17f1-4e93-bc92-c83a62a8407e}</UniqueIdentifier>
    </Filter>
    <Filter Include="Interfase implementations\StatGraphRender">
      <UniqueIdentifier>{75ba9b32-cf7f-4220-adb6-dc7d4884fdfe}</UniqueIdentifier>
    </Filter>
    <Filter Include="Interfase implementations\ThunderboltDescRender">
      <UniqueIdentifier>{86416121-d8f7-475f-abeb-4313763f273f}</UniqueIdentifier>
    </Filter>
    <Filter Include="Interfase implementations\StatsRender">
      <UniqueIdentifier>{e14497dc-13c3-43d2-b1d1-e0864309f722}</UniqueIdentifier>
    </Filter>
    <Filter Include="Interfase implementations\Debug">
      <UniqueIdentifier>{1408cdb3-02c3-4654-8202-012f3bf3edea}</UniqueIdentifier>
    </Filter>
    <Filter Include="Interfase implementations\Debug\DebugRender">
      <UniqueIdentifier>{c16f85de-90ca-48ed-af54-62bcf926208b}</UniqueIdentifier>
    </Filter>
    <Filter Include="Interfase implementations\UI">
      <UniqueIdentifier>{d120cd0a-0113-43bd-93e9-9bce2c920a35}</UniqueIdentifier>
    </Filter>
    <Filter Include="Interfase implementations\UI\UIRender">
      <UniqueIdentifier>{9eef1f25-0648-46ce-b1a5-98bd4cf3d969}</UniqueIdentifier>
    </Filter>
    <Filter Include="Interfase implementations\UI\UIShader">
      <UniqueIdentifier>{c2436328-d169-4263-8373-a29d8907f83a}</UniqueIdentifier>
    </Filter>
    <Filter Include="Interfase implementations\UI\UISequenceVideoItem">
      <UniqueIdentifier>{cf49d588-3586-4cf0-8828-f0c9ba112acf}</UniqueIdentifier>
    </Filter>
    <Filter Include="Refactored">
      <UniqueIdentifier>{b967d7fc-f650-419b-8ad6-90a479dadd97}</UniqueIdentifier>
    </Filter>
    <Filter Include="Refactored\HW">
      <UniqueIdentifier>{e86ef72a-349c-4788-9537-d4d9f83c57a1}</UniqueIdentifier>
    </Filter>
    <Filter Include="Refactored\Backend">
      <UniqueIdentifier>{566c4e1b-1a41-4b38-9d78-293144fcf988}</UniqueIdentifier>
    </Filter>
    <Filter Include="Refactored\Execution &amp; 3D">
      <UniqueIdentifier>{1cead7f8-6a7e-4a9f-b58a-f9cfad7e648b}</UniqueIdentifier>
    </Filter>
    <Filter Include="Refactored\Execution &amp; 3D\Shaders">
      <UniqueIdentifier>{e443127b-4eb5-4ed8-ba4a-ff8fb994a53b}</UniqueIdentifier>
    </Filter>
    <Filter Include="Refactored\Execution &amp; 3D\Shaders\Resources">
      <UniqueIdentifier>{22596925-e7f9-43cb-87b1-a18d035f5228}</UniqueIdentifier>
    </Filter>
    <Filter Include="Refactored\Execution &amp; 3D\Shaders\Resources\dx9_R_shader">
      <UniqueIdentifier>{21a20b20-0467-4812-a021-84c8660a3e51}</UniqueIdentifier>
    </Filter>
    <Filter Include="Refactored\Execution &amp; 3D\Shaders\ShaderManager">
      <UniqueIdentifier>{1dd5ecf4-07a1-4689-b12e-2ddf45a1da54}</UniqueIdentifier>
    </Filter>
    <Filter Include="Refactored\Execution &amp; 3D\Shaders\Blender">
      <UniqueIdentifier>{e305c183-66d8-47f6-b56b-8770525046fc}</UniqueIdentifier>
    </Filter>
    <Filter Include="Refactored\Execution &amp; 3D\DebugDraw">
      <UniqueIdentifier>{3fce20cd-a51e-4a70-81d7-babfa1e51966}</UniqueIdentifier>
    </Filter>
    <Filter Include="Refactored\Execution &amp; 3D\Visuals">
      <UniqueIdentifier>{dba083fd-ad4c-4aa3-bae7-d58115e7e87e}</UniqueIdentifier>
    </Filter>
    <Filter Include="Refactored\Execution &amp; 3D\Visuals\Skeleton">
      <UniqueIdentifier>{f830649a-884b-4039-af5f-a87854d7428e}</UniqueIdentifier>
    </Filter>
    <Filter Include="Refactored\Execution &amp; 3D\Gamma">
      <UniqueIdentifier>{e2e880e2-2a02-4fa8-a22b-c0b550804424}</UniqueIdentifier>
    </Filter>
    <Filter Include="Refactored\Interfaces">
      <UniqueIdentifier>{af9f61f8-afd9-4b18-b9b5-e8a3bb38f03b}</UniqueIdentifier>
    </Filter>
    <Filter Include="Refactored\stats_manager">
      <UniqueIdentifier>{b5db9f0a-c920-4940-af4f-3f536d98c46e}</UniqueIdentifier>
    </Filter>
    <Filter Include="Models">
      <UniqueIdentifier>{9aafcd50-be88-47b7-be98-a0afc5c27e7c}</UniqueIdentifier>
    </Filter>
    <Filter Include="Models\Visuals">
      <UniqueIdentifier>{8e9f4129-a57f-4d7c-b402-70da30d31817}</UniqueIdentifier>
    </Filter>
  </ItemGroup>
  <ItemGroup>
    <ClInclude Include="..\xrRender\cl_intersect.h">
      <Filter>Kernel</Filter>
    </ClInclude>
    <ClInclude Include="stdafx.h">
      <Filter>Kernel</Filter>
    </ClInclude>
    <ClInclude Include="..\xrRender\xrD3DDefs.h">
      <Filter>Kernel</Filter>
    </ClInclude>
    <ClInclude Include="..\xrRender\xrRender_console.h">
      <Filter>Kernel</Filter>
    </ClInclude>
    <ClInclude Include="FStaticRender.h">
      <Filter>Core</Filter>
    </ClInclude>
    <ClInclude Include="FStaticRender_RenderTarget.h">
      <Filter>Core</Filter>
    </ClInclude>
    <ClInclude Include="..\xrRender\PSLibrary.h">
      <Filter>Core</Filter>
    </ClInclude>
    <ClInclude Include="..\xrRender\r__dsgraph_structure.h">
      <Filter>Core</Filter>
    </ClInclude>
    <ClInclude Include="..\xrRender\r__dsgraph_types.h">
      <Filter>Core</Filter>
    </ClInclude>
    <ClInclude Include="..\xrRender\ColorMapManager.h">
      <Filter>Core\ColorMap</Filter>
    </ClInclude>
    <ClInclude Include="..\xrRender\DetailFormat.h">
      <Filter>Details</Filter>
    </ClInclude>
    <ClInclude Include="..\xrRender\DetailManager.h">
      <Filter>Details</Filter>
    </ClInclude>
    <ClInclude Include="..\xrRender\DetailModel.h">
      <Filter>Details</Filter>
    </ClInclude>
    <ClInclude Include="..\xrRender\NvTriStrip.h">
      <Filter>Stripifier</Filter>
    </ClInclude>
    <ClInclude Include="..\xrRender\NvTriStripObjects.h">
      <Filter>Stripifier</Filter>
    </ClInclude>
    <ClInclude Include="..\xrRender\VertexCache.h">
      <Filter>Stripifier</Filter>
    </ClInclude>
    <ClInclude Include="..\xrRender\xrStripify.h">
      <Filter>Stripifier</Filter>
    </ClInclude>
    <ClInclude Include="GlowManager.h">
      <Filter>Glows</Filter>
    </ClInclude>
    <ClInclude Include="..\xrRender\WallmarksEngine.h">
      <Filter>Wallmarks</Filter>
    </ClInclude>
    <ClInclude Include="Blender_Blur.h">
      <Filter>Shading templates</Filter>
    </ClInclude>
    <ClInclude Include="..\xrRender\Blender_BmmD.h">
      <Filter>Shading templates</Filter>
    </ClInclude>
    <ClInclude Include="Blender_default_aref.h">
      <Filter>Shading templates</Filter>
    </ClInclude>
    <ClInclude Include="..\xrRender\Blender_detail_still.h">
      <Filter>Shading templates</Filter>
    </ClInclude>
    <ClInclude Include="..\xrRender\Blender_Editor_Selection.h">
      <Filter>Shading templates</Filter>
    </ClInclude>
    <ClInclude Include="..\xrRender\Blender_Editor_Wire.h">
      <Filter>Shading templates</Filter>
    </ClInclude>
    <ClInclude Include="Blender_LaEmB.h">
      <Filter>Shading templates</Filter>
    </ClInclude>
    <ClInclude Include="..\xrRender\Blender_Lm(EbB).h">
      <Filter>Shading templates</Filter>
    </ClInclude>
    <ClInclude Include="Blender_Model.h">
      <Filter>Shading templates</Filter>
    </ClInclude>
    <ClInclude Include="..\xrRender\Blender_Model_EbB.h">
      <Filter>Shading templates</Filter>
    </ClInclude>
    <ClInclude Include="..\xrRender\Blender_Particle.h">
      <Filter>Shading templates</Filter>
    </ClInclude>
    <ClInclude Include="Blender_Screen_GRAY.h">
      <Filter>Shading templates</Filter>
    </ClInclude>
    <ClInclude Include="..\xrRender\Blender_Screen_SET.h">
      <Filter>Shading templates</Filter>
    </ClInclude>
    <ClInclude Include="Blender_Shadow_World.h">
      <Filter>Shading templates</Filter>
    </ClInclude>
    <ClInclude Include="..\xrRender\Blender_tree.h">
      <Filter>Shading templates</Filter>
    </ClInclude>
    <ClInclude Include="Blender_Vertex.h">
      <Filter>Shading templates</Filter>
    </ClInclude>
    <ClInclude Include="Blender_Vertex_aref.h">
      <Filter>Shading templates</Filter>
    </ClInclude>
    <ClInclude Include="BlenderDefault.h">
      <Filter>Shading templates</Filter>
    </ClInclude>
    <ClInclude Include="..\xrRender\r__sector.h">
      <Filter>Visibility\Sector/Portal</Filter>
    </ClInclude>
    <ClInclude Include="..\xrRender\HOM.h">
      <Filter>Visibility\HOM Occlusion</Filter>
    </ClInclude>
    <ClInclude Include="..\xrRender\occRasterizer.h">
      <Filter>Visibility\HOM Occlusion</Filter>
    </ClInclude>
    <ClInclude Include="..\xrRender\light.h">
      <Filter>Lights</Filter>
    </ClInclude>
    <ClInclude Include="..\xrRender\Light_DB.h">
      <Filter>Lights</Filter>
    </ClInclude>
    <ClInclude Include="..\xrRender\Light_Package.h">
      <Filter>Lights</Filter>
    </ClInclude>
    <ClInclude Include="LightPPA.h">
      <Filter>Lights</Filter>
    </ClInclude>
    <ClInclude Include="LightProjector.h">
      <Filter>Lights</Filter>
    </ClInclude>
    <ClInclude Include="LightShadows.h">
      <Filter>Lights</Filter>
    </ClInclude>
    <ClInclude Include="..\xrRender\dxRenderFactory.h">
      <Filter>Interfase implementations\RenderFactory</Filter>
    </ClInclude>
    <ClInclude Include="..\..\Include\xrRender\RenderFactory.h">
      <Filter>Interfase implementations\RenderFactory</Filter>
    </ClInclude>
    <ClInclude Include="..\xrRender\dxLensFlareRender.h">
      <Filter>Interfase implementations\LensFlare</Filter>
    </ClInclude>
    <ClInclude Include="..\..\Include\xrRender\LensFlareRender.h">
      <Filter>Interfase implementations\LensFlare</Filter>
    </ClInclude>
    <ClInclude Include="..\..\Include\xrRender\FactoryPtr.h">
      <Filter>Interfase implementations\FactoryPtr</Filter>
    </ClInclude>
    <ClInclude Include="..\..\Include\xrRender\ApplicationRender.h">
      <Filter>Interfase implementations\ApplicationRender</Filter>
    </ClInclude>
    <ClInclude Include="..\xrRender\dxApplicationRender.h">
      <Filter>Interfase implementations\ApplicationRender</Filter>
    </ClInclude>
    <ClInclude Include="..\xrRender\dxRainRender.h">
      <Filter>Interfase implementations\RainRender</Filter>
    </ClInclude>
    <ClInclude Include="..\..\Include\xrRender\RainRender.h">
      <Filter>Interfase implementations\RainRender</Filter>
    </ClInclude>
    <ClInclude Include="..\xrRender\dxThunderboltRender.h">
      <Filter>Interfase implementations\ThunderboltRender</Filter>
    </ClInclude>
    <ClInclude Include="..\..\Include\xrRender\ThunderboltRender.h">
      <Filter>Interfase implementations\ThunderboltRender</Filter>
    </ClInclude>
    <ClInclude Include="..\xrRender\dxEnvironmentRender.h">
      <Filter>Interfase implementations\EnvironmentRender</Filter>
    </ClInclude>
    <ClInclude Include="..\..\Include\xrRender\EnvironmentRender.h">
      <Filter>Interfase implementations\EnvironmentRender</Filter>
    </ClInclude>
    <ClInclude Include="..\xrRender\dxRenderDeviceRender.h">
      <Filter>Interfase implementations\RenderDeviceRender</Filter>
    </ClInclude>
    <ClInclude Include="..\..\Include\xrRender\RenderDeviceRender.h">
      <Filter>Interfase implementations\RenderDeviceRender</Filter>
    </ClInclude>
    <ClInclude Include="..\..\Include\xrRender\ConsoleRender.h">
      <Filter>Interfase implementations\ConsoleRender</Filter>
    </ClInclude>
    <ClInclude Include="..\xrRender\dxConsoleRender.h">
      <Filter>Interfase implementations\ConsoleRender</Filter>
    </ClInclude>
    <ClInclude Include="..\xrRender\dxObjectSpaceRender.h">
      <Filter>Interfase implementations\ObjectSpaceRender</Filter>
    </ClInclude>
    <ClInclude Include="..\..\Include\xrRender\ObjectSpaceRender.h">
      <Filter>Interfase implementations\ObjectSpaceRender</Filter>
    </ClInclude>
    <ClInclude Include="..\xrRender\dxFontRender.h">
      <Filter>Interfase implementations\FontRender</Filter>
    </ClInclude>
    <ClInclude Include="..\..\Include\xrRender\FontRender.h">
      <Filter>Interfase implementations\FontRender</Filter>
    </ClInclude>
    <ClInclude Include="..\xrRender\dxWallMarkArray.h">
      <Filter>Interfase implementations\WallMarkArray</Filter>
    </ClInclude>
    <ClInclude Include="..\..\Include\xrRender\WallMarkArray.h">
      <Filter>Interfase implementations\WallMarkArray</Filter>
    </ClInclude>
    <ClInclude Include="..\xrRender\dxStatGraphRender.h">
      <Filter>Interfase implementations\StatGraphRender</Filter>
    </ClInclude>
    <ClInclude Include="..\..\Include\xrRender\StatGraphRender.h">
      <Filter>Interfase implementations\StatGraphRender</Filter>
    </ClInclude>
    <ClInclude Include="..\xrRender\dxThunderboltDescRender.h">
      <Filter>Interfase implementations\ThunderboltDescRender</Filter>
    </ClInclude>
    <ClInclude Include="..\..\Include\xrRender\ThunderboltDescRender.h">
      <Filter>Interfase implementations\ThunderboltDescRender</Filter>
    </ClInclude>
    <ClInclude Include="..\xrRender\dxStatsRender.h">
      <Filter>Interfase implementations\StatsRender</Filter>
    </ClInclude>
    <ClInclude Include="..\..\Include\xrRender\StatsRender.h">
      <Filter>Interfase implementations\StatsRender</Filter>
    </ClInclude>
    <ClInclude Include="..\..\Include\xrRender\DebugShader.h">
      <Filter>Interfase implementations\Debug</Filter>
    </ClInclude>
    <ClInclude Include="..\..\Include\xrRender\DebugRender.h">
      <Filter>Interfase implementations\Debug\DebugRender</Filter>
    </ClInclude>
    <ClInclude Include="..\xrRender\dxDebugRender.h">
      <Filter>Interfase implementations\Debug\DebugRender</Filter>
    </ClInclude>
    <ClInclude Include="..\xrRender\dxUIRender.h">
      <Filter>Interfase implementations\UI\UIRender</Filter>
    </ClInclude>
    <ClInclude Include="..\..\Include\xrRender\UIRender.h">
      <Filter>Interfase implementations\UI\UIRender</Filter>
    </ClInclude>
    <ClInclude Include="..\xrRender\dxUIShader.h">
      <Filter>Interfase implementations\UI\UIShader</Filter>
    </ClInclude>
    <ClInclude Include="..\..\Include\xrRender\UIShader.h">
      <Filter>Interfase implementations\UI\UIShader</Filter>
    </ClInclude>
    <ClInclude Include="..\xrRender\dxUISequenceVideoItem.h">
      <Filter>Interfase implementations\UI\UISequenceVideoItem</Filter>
    </ClInclude>
    <ClInclude Include="..\..\Include\xrRender\UISequenceVideoItem.h">
      <Filter>Interfase implementations\UI\UISequenceVideoItem</Filter>
    </ClInclude>
    <ClInclude Include="..\xrRender\HW.h">
      <Filter>Refactored\HW</Filter>
    </ClInclude>
    <ClInclude Include="..\xrRender\HWCaps.h">
      <Filter>Refactored\HW</Filter>
    </ClInclude>
    <ClInclude Include="..\xrRenderDX9\dx9R_Backend_Runtime.h">
      <Filter>Refactored\Backend</Filter>
    </ClInclude>
    <ClInclude Include="..\xrRender\FVF.h">
      <Filter>Refactored\Backend</Filter>
    </ClInclude>
    <ClInclude Include="..\xrRender\R_Backend.h">
      <Filter>Refactored\Backend</Filter>
    </ClInclude>
    <ClInclude Include="..\xrRender\R_Backend_hemi.h">
      <Filter>Refactored\Backend</Filter>
    </ClInclude>
    <ClInclude Include="..\xrRender\R_Backend_Runtime.h">
      <Filter>Refactored\Backend</Filter>
    </ClInclude>
    <ClInclude Include="..\xrRender\R_Backend_tree.h">
      <Filter>Refactored\Backend</Filter>
    </ClInclude>
    <ClInclude Include="..\xrRender\R_Backend_xform.h">
      <Filter>Refactored\Backend</Filter>
    </ClInclude>
    <ClInclude Include="..\xrRender\R_DStreams.h">
      <Filter>Refactored\Backend</Filter>
    </ClInclude>
    <ClInclude Include="..\xrRender\r_constants.h">
      <Filter>Refactored\Execution &amp; 3D\Shaders\Resources</Filter>
    </ClInclude>
    <ClInclude Include="..\xrRender\SH_Atomic.h">
      <Filter>Refactored\Execution &amp; 3D\Shaders\Resources</Filter>
    </ClInclude>
    <ClInclude Include="..\xrRender\SH_Constant.h">
      <Filter>Refactored\Execution &amp; 3D\Shaders\Resources</Filter>
    </ClInclude>
    <ClInclude Include="..\xrRender\SH_Matrix.h">
      <Filter>Refactored\Execution &amp; 3D\Shaders\Resources</Filter>
    </ClInclude>
    <ClInclude Include="..\xrRender\SH_RT.h">
      <Filter>Refactored\Execution &amp; 3D\Shaders\Resources</Filter>
    </ClInclude>
    <ClInclude Include="..\xrRender\SH_Texture.h">
      <Filter>Refactored\Execution &amp; 3D\Shaders\Resources</Filter>
    </ClInclude>
    <ClInclude Include="..\xrRender\Shader.h">
      <Filter>Refactored\Execution &amp; 3D\Shaders\Resources</Filter>
    </ClInclude>
    <ClInclude Include="..\xrRenderDX9\dx9r_constants_cache.h">
      <Filter>Refactored\Execution &amp; 3D\Shaders\Resources\dx9_R_shader</Filter>
    </ClInclude>
    <ClInclude Include="..\xrRender\r_constants_cache.h">
      <Filter>Refactored\Execution &amp; 3D\Shaders\Resources\dx9_R_shader</Filter>
    </ClInclude>
    <ClInclude Include="..\xrRender\ETextureParams.h">
      <Filter>Refactored\Execution &amp; 3D\Shaders\ShaderManager</Filter>
    </ClInclude>
    <ClInclude Include="..\xrRender\ResourceManager.h">
      <Filter>Refactored\Execution &amp; 3D\Shaders\ShaderManager</Filter>
    </ClInclude>
    <ClInclude Include="..\xrRender\TextureDescrManager.h">
      <Filter>Refactored\Execution &amp; 3D\Shaders\ShaderManager</Filter>
    </ClInclude>
    <ClInclude Include="..\xrRender\blenders\Blender.h">
      <Filter>Refactored\Execution &amp; 3D\Shaders\Blender</Filter>
    </ClInclude>
    <ClInclude Include="..\xrRender\blenders\Blender_CLSID.h">
      <Filter>Refactored\Execution &amp; 3D\Shaders\Blender</Filter>
    </ClInclude>
    <ClInclude Include="..\xrRender\blenders\Blender_Recorder.h">
      <Filter>Refactored\Execution &amp; 3D\Shaders\Blender</Filter>
    </ClInclude>
    <ClInclude Include="..\xrRender\tss.h">
      <Filter>Refactored\Execution &amp; 3D\Shaders\Blender</Filter>
    </ClInclude>
    <ClInclude Include="..\xrRender\tss_def.h">
      <Filter>Refactored\Execution &amp; 3D\Shaders\Blender</Filter>
    </ClInclude>
    <ClInclude Include="..\xrRender\D3DUtils.h">
      <Filter>Refactored\Execution &amp; 3D\DebugDraw</Filter>
    </ClInclude>
    <ClInclude Include="..\..\Include\xrRender\DrawUtils.h">
      <Filter>Refactored\Execution &amp; 3D\DebugDraw</Filter>
    </ClInclude>
    <ClInclude Include="..\xrRender\du_box.h">
      <Filter>Refactored\Execution &amp; 3D\DebugDraw</Filter>
    </ClInclude>
    <ClInclude Include="..\xrRender\du_cone.h">
      <Filter>Refactored\Execution &amp; 3D\DebugDraw</Filter>
    </ClInclude>
    <ClInclude Include="..\xrRender\du_cylinder.h">
      <Filter>Refactored\Execution &amp; 3D\DebugDraw</Filter>
    </ClInclude>
    <ClInclude Include="..\xrRender\du_sphere.h">
      <Filter>Refactored\Execution &amp; 3D\DebugDraw</Filter>
    </ClInclude>
    <ClInclude Include="..\xrRender\du_sphere_part.h">
      <Filter>Refactored\Execution &amp; 3D\DebugDraw</Filter>
    </ClInclude>
    <ClInclude Include="..\xrRender\dxParticleCustom.h">
      <Filter>Refactored\Execution &amp; 3D\Visuals</Filter>
    </ClInclude>
    <ClInclude Include="..\xrRender\FBasicVisual.h">
      <Filter>Refactored\Execution &amp; 3D\Visuals</Filter>
    </ClInclude>
    <ClInclude Include="..\xrRender\FHierrarhyVisual.h">
      <Filter>Refactored\Execution &amp; 3D\Visuals</Filter>
    </ClInclude>
    <ClInclude Include="..\..\Include\xrRender\ParticleCustom.h">
      <Filter>Refactored\Execution &amp; 3D\Visuals</Filter>
    </ClInclude>
    <ClInclude Include="..\..\Include\xrRender\RenderVisual.h">
      <Filter>Refactored\Execution &amp; 3D\Visuals</Filter>
    </ClInclude>
    <ClInclude Include="..\xrRender\Animation.h">
      <Filter>Refactored\Execution &amp; 3D\Visuals\Skeleton</Filter>
    </ClInclude>
    <ClInclude Include="..\..\Include\xrRender\animation_blend.h">
      <Filter>Refactored\Execution &amp; 3D\Visuals\Skeleton</Filter>
    </ClInclude>
    <ClInclude Include="..\..\Include\xrRender\animation_motion.h">
      <Filter>Refactored\Execution &amp; 3D\Visuals\Skeleton</Filter>
    </ClInclude>
    <ClInclude Include="..\xrRender\AnimationKeyCalculate.h">
      <Filter>Refactored\Execution &amp; 3D\Visuals\Skeleton</Filter>
    </ClInclude>
    <ClInclude Include="..\xrRender\KinematicAnimatedDefs.h">
      <Filter>Refactored\Execution &amp; 3D\Visuals\Skeleton</Filter>
    </ClInclude>
    <ClInclude Include="..\..\Include\xrRender\Kinematics.h">
      <Filter>Refactored\Execution &amp; 3D\Visuals\Skeleton</Filter>
    </ClInclude>
    <ClInclude Include="..\..\Include\xrRender\KinematicsAnimated.h">
      <Filter>Refactored\Execution &amp; 3D\Visuals\Skeleton</Filter>
    </ClInclude>
    <ClInclude Include="..\xrRender\SkeletonAnimated.h">
      <Filter>Refactored\Execution &amp; 3D\Visuals\Skeleton</Filter>
    </ClInclude>
    <ClInclude Include="..\xrRender\SkeletonCustom.h">
      <Filter>Refactored\Execution &amp; 3D\Visuals\Skeleton</Filter>
    </ClInclude>
    <ClInclude Include="..\xrRender\SkeletonX.h">
      <Filter>Refactored\Execution &amp; 3D\Visuals\Skeleton</Filter>
    </ClInclude>
    <ClInclude Include="..\xrRender\SkeletonXVertRender.h">
      <Filter>Refactored\Execution &amp; 3D\Visuals\Skeleton</Filter>
    </ClInclude>
    <ClInclude Include="..\xrRender\xr_effgamma.h">
      <Filter>Refactored\Execution &amp; 3D\Gamma</Filter>
    </ClInclude>
    <ClInclude Include="..\xrRender\IRenderDetailModel.h">
      <Filter>Refactored\Interfaces</Filter>
    </ClInclude>
    <ClInclude Include="..\..\Include\xrRender\RenderDetailModel.h">
      <Filter>Refactored\Interfaces</Filter>
    </ClInclude>
    <ClInclude Include="..\xrRender\stats_manager.h">
      <Filter>Refactored\stats_manager</Filter>
    </ClInclude>
    <ClInclude Include="..\xrRender\LightTrack.h">
      <Filter>Models</Filter>
    </ClInclude>
    <ClInclude Include="..\xrRender\ModelPool.h">
      <Filter>Models</Filter>
    </ClInclude>
    <ClInclude Include="..\xrRender\FLOD.h">
      <Filter>Models\Visuals</Filter>
    </ClInclude>
    <ClInclude Include="..\xrRender\FProgressive.h">
      <Filter>Models\Visuals</Filter>
    </ClInclude>
    <ClInclude Include="..\xrRender\FSkinned.h">
      <Filter>Models\Visuals</Filter>
    </ClInclude>
    <ClInclude Include="..\xrRender\FTreeVisual.h">
      <Filter>Models\Visuals</Filter>
    </ClInclude>
    <ClInclude Include="..\xrRender\FVisual.h">
      <Filter>Models\Visuals</Filter>
    </ClInclude>
    <ClInclude Include="..\xrRender\ParticleEffect.h">
      <Filter>Models\Visuals</Filter>
    </ClInclude>
    <ClInclude Include="..\xrRender\ParticleEffectDef.h">
      <Filter>Models\Visuals</Filter>
    </ClInclude>
    <ClInclude Include="..\xrRender\ParticleGroup.h">
      <Filter>Models\Visuals</Filter>
    </ClInclude>
  </ItemGroup>
  <ItemGroup>
    <ClCompile Include="stdafx.cpp">
      <Filter>Kernel</Filter>
    </ClCompile>
    <ClCompile Include="..\xrRender\xrRender_console.cpp">
      <Filter>Kernel</Filter>
    </ClCompile>
    <ClCompile Include="xrRender_R1.cpp">
      <Filter>Kernel</Filter>
    </ClCompile>
    <ClCompile Include="FStaticRender.cpp">
      <Filter>Core</Filter>
    </ClCompile>
    <ClCompile Include="FStaticRender_Blenders.cpp">
      <Filter>Core</Filter>
    </ClCompile>
    <ClCompile Include="FStaticRender_DetectSector.cpp">
      <Filter>Core</Filter>
    </ClCompile>
    <ClCompile Include="FStaticRender_Loader.cpp">
      <Filter>Core</Filter>
    </ClCompile>
    <ClCompile Include="FStaticRender_RenderTarget.cpp">
      <Filter>Core</Filter>
    </ClCompile>
    <ClCompile Include="..\xrRender\PSLibrary.cpp">
      <Filter>Core</Filter>
    </ClCompile>
    <ClCompile Include="..\xrRender\r__dsgraph_build.cpp">
      <Filter>Core</Filter>
    </ClCompile>
    <ClCompile Include="..\xrRender\r__dsgraph_render.cpp">
      <Filter>Core</Filter>
    </ClCompile>
    <ClCompile Include="..\xrRender\r__dsgraph_render_lods.cpp">
      <Filter>Core</Filter>
    </ClCompile>
    <ClCompile Include="..\xrRender\r__screenshot.cpp">
      <Filter>Core</Filter>
    </ClCompile>
    <ClCompile Include="..\xrRender\Texture.cpp">
      <Filter>Core</Filter>
    </ClCompile>
    <ClCompile Include="..\xrRender\tga.cpp">
      <Filter>Core</Filter>
    </ClCompile>
    <ClCompile Include="..\xrRender\ColorMapManager.cpp">
      <Filter>Core\ColorMap</Filter>
    </ClCompile>
    <ClCompile Include="..\xrRender\DetailManager.cpp">
      <Filter>Details</Filter>
    </ClCompile>
    <ClCompile Include="..\xrRender\DetailManager_CACHE.cpp">
      <Filter>Details</Filter>
    </ClCompile>
    <ClCompile Include="..\xrRender\DetailManager_Decompress.cpp">
      <Filter>Details</Filter>
    </ClCompile>
    <ClCompile Include="..\xrRender\DetailManager_soft.cpp">
      <Filter>Details</Filter>
    </ClCompile>
    <ClCompile Include="..\xrRender\DetailManager_VS.cpp">
      <Filter>Details</Filter>
    </ClCompile>
    <ClCompile Include="..\xrRender\DetailModel.cpp">
      <Filter>Details</Filter>
    </ClCompile>
    <ClCompile Include="..\xrRender\NvTriStrip.cpp">
      <Filter>Stripifier</Filter>
    </ClCompile>
    <ClCompile Include="..\xrRender\NvTriStripObjects.cpp">
      <Filter>Stripifier</Filter>
    </ClCompile>
    <ClCompile Include="..\xrRender\VertexCache.cpp">
      <Filter>Stripifier</Filter>
    </ClCompile>
    <ClCompile Include="..\xrRender\xrStripify.cpp">
      <Filter>Stripifier</Filter>
    </ClCompile>
    <ClCompile Include="GlowManager.cpp">
      <Filter>Glows</Filter>
    </ClCompile>
    <ClCompile Include="..\xrRender\WallmarksEngine.cpp">
      <Filter>Wallmarks</Filter>
    </ClCompile>
    <ClCompile Include="Blender_Blur.cpp">
      <Filter>Shading templates</Filter>
    </ClCompile>
    <ClCompile Include="..\xrRender\Blender_BmmD.cpp">
      <Filter>Shading templates</Filter>
    </ClCompile>
    <ClCompile Include="Blender_default_aref.cpp">
      <Filter>Shading templates</Filter>
    </ClCompile>
    <ClCompile Include="..\xrRender\Blender_detail_still.cpp">
      <Filter>Shading templates</Filter>
    </ClCompile>
    <ClCompile Include="..\xrRender\Blender_Editor_Selection.cpp">
      <Filter>Shading templates</Filter>
    </ClCompile>
    <ClCompile Include="..\xrRender\Blender_Editor_Wire.cpp">
      <Filter>Shading templates</Filter>
    </ClCompile>
    <ClCompile Include="Blender_LaEmB.cpp">
      <Filter>Shading templates</Filter>
    </ClCompile>
    <ClCompile Include="..\xrRender\Blender_Lm(EbB).cpp">
      <Filter>Shading templates</Filter>
    </ClCompile>
    <ClCompile Include="Blender_Model.cpp">
      <Filter>Shading templates</Filter>
    </ClCompile>
    <ClCompile Include="..\xrRender\Blender_Model_EbB.cpp">
      <Filter>Shading templates</Filter>
    </ClCompile>
    <ClCompile Include="..\xrRender\Blender_Particle.cpp">
      <Filter>Shading templates</Filter>
    </ClCompile>
    <ClCompile Include="Blender_Screen_GRAY.cpp">
      <Filter>Shading templates</Filter>
    </ClCompile>
    <ClCompile Include="..\xrRender\Blender_Screen_SET.cpp">
      <Filter>Shading templates</Filter>
    </ClCompile>
    <ClCompile Include="Blender_Shadow_World.cpp">
      <Filter>Shading templates</Filter>
    </ClCompile>
    <ClCompile Include="..\xrRender\Blender_tree.cpp">
      <Filter>Shading templates</Filter>
    </ClCompile>
    <ClCompile Include="Blender_Vertex.cpp">
      <Filter>Shading templates</Filter>
    </ClCompile>
    <ClCompile Include="Blender_Vertex_aref.cpp">
      <Filter>Shading templates</Filter>
    </ClCompile>
    <ClCompile Include="BlenderDefault.cpp">
      <Filter>Shading templates</Filter>
    </ClCompile>
    <ClCompile Include="..\xrRender\r__sector.cpp">
      <Filter>Visibility\Sector/Portal</Filter>
    </ClCompile>
    <ClCompile Include="..\xrRender\r__sector_traversal.cpp">
      <Filter>Visibility\Sector/Portal</Filter>
    </ClCompile>
    <ClCompile Include="..\xrRender\HOM.cpp">
      <Filter>Visibility\HOM Occlusion</Filter>
    </ClCompile>
    <ClCompile Include="..\xrRender\occRasterizer.cpp">
      <Filter>Visibility\HOM Occlusion</Filter>
    </ClCompile>
    <ClCompile Include="..\xrRender\occRasterizer_core.cpp">
      <Filter>Visibility\HOM Occlusion</Filter>
    </ClCompile>
    <ClCompile Include="..\xrRender\light.cpp">
      <Filter>Lights</Filter>
    </ClCompile>
    <ClCompile Include="..\xrRender\Light_DB.cpp">
      <Filter>Lights</Filter>
    </ClCompile>
    <ClCompile Include="..\xrRender\Light_Package.cpp">
      <Filter>Lights</Filter>
    </ClCompile>
    <ClCompile Include="LightPPA.cpp">
      <Filter>Lights</Filter>
    </ClCompile>
    <ClCompile Include="LightProjector.cpp">
      <Filter>Lights</Filter>
    </ClCompile>
    <ClCompile Include="LightShadows.cpp">
      <Filter>Lights</Filter>
    </ClCompile>
    <ClCompile Include="..\xrRender\LightTrack.cpp">
      <Filter>Lights</Filter>
    </ClCompile>
    <ClCompile Include="..\xrRender\dxRenderFactory.cpp">
      <Filter>Interfase implementations\RenderFactory</Filter>
    </ClCompile>
    <ClCompile Include="..\xrRender\dxLensFlareRender.cpp">
      <Filter>Interfase implementations\LensFlare</Filter>
    </ClCompile>
    <ClCompile Include="..\xrRender\dxApplicationRender.cpp">
      <Filter>Interfase implementations\ApplicationRender</Filter>
    </ClCompile>
    <ClCompile Include="..\xrRender\dxRainRender.cpp">
      <Filter>Interfase implementations\RainRender</Filter>
    </ClCompile>
    <ClCompile Include="..\xrRender\dxThunderboltRender.cpp">
      <Filter>Interfase implementations\ThunderboltRender</Filter>
    </ClCompile>
    <ClCompile Include="..\xrRender\dxEnvironmentRender.cpp">
      <Filter>Interfase implementations\EnvironmentRender</Filter>
    </ClCompile>
    <ClCompile Include="..\xrRender\dxRenderDeviceRender.cpp">
      <Filter>Interfase implementations\RenderDeviceRender</Filter>
    </ClCompile>
    <ClCompile Include="..\xrRender\dxConsoleRender.cpp">
      <Filter>Interfase implementations\ConsoleRender</Filter>
    </ClCompile>
    <ClCompile Include="..\xrRender\dxObjectSpaceRender.cpp">
      <Filter>Interfase implementations\ObjectSpaceRender</Filter>
    </ClCompile>
    <ClCompile Include="..\xrRender\dxFontRender.cpp">
      <Filter>Interfase implementations\FontRender</Filter>
    </ClCompile>
    <ClCompile Include="..\xrRender\dxWallMarkArray.cpp">
      <Filter>Interfase implementations\WallMarkArray</Filter>
    </ClCompile>
    <ClCompile Include="..\xrRender\dxStatGraphRender.cpp">
      <Filter>Interfase implementations\StatGraphRender</Filter>
    </ClCompile>
    <ClCompile Include="..\xrRender\dxThunderboltDescRender.cpp">
      <Filter>Interfase implementations\ThunderboltDescRender</Filter>
    </ClCompile>
    <ClCompile Include="..\xrRender\dxStatsRender.cpp">
      <Filter>Interfase implementations\StatsRender</Filter>
    </ClCompile>
    <ClCompile Include="..\xrRender\dxDebugRender.cpp">
      <Filter>Interfase implementations\Debug\DebugRender</Filter>
    </ClCompile>
    <ClCompile Include="..\xrRender\dxUIRender.cpp">
      <Filter>Interfase implementations\UI\UIRender</Filter>
    </ClCompile>
    <ClCompile Include="..\xrRender\dxUIShader.cpp">
      <Filter>Interfase implementations\UI\UIShader</Filter>
    </ClCompile>
    <ClCompile Include="..\xrRender\dxUISequenceVideoItem.cpp">
      <Filter>Interfase implementations\UI\UISequenceVideoItem</Filter>
    </ClCompile>
    <ClCompile Include="..\xrRender\HW.cpp">
      <Filter>Refactored\HW</Filter>
    </ClCompile>
    <ClCompile Include="..\xrRender\HWCaps.cpp">
      <Filter>Refactored\HW</Filter>
    </ClCompile>
    <ClCompile Include="..\xrRender\R_Backend.cpp">
      <Filter>Refactored\Backend</Filter>
    </ClCompile>
    <ClCompile Include="..\xrRender\R_Backend_DBG.cpp">
      <Filter>Refactored\Backend</Filter>
    </ClCompile>
    <ClCompile Include="..\xrRender\R_Backend_hemi.cpp">
      <Filter>Refactored\Backend</Filter>
    </ClCompile>
    <ClCompile Include="..\xrRender\R_Backend_Runtime.cpp">
      <Filter>Refactored\Backend</Filter>
    </ClCompile>
    <ClCompile Include="..\xrRender\R_Backend_tree.cpp">
      <Filter>Refactored\Backend</Filter>
    </ClCompile>
    <ClCompile Include="..\xrRender\R_Backend_xform.cpp">
      <Filter>Refactored\Backend</Filter>
    </ClCompile>
    <ClCompile Include="..\xrRender\R_DStreams.cpp">
      <Filter>Refactored\Backend</Filter>
    </ClCompile>
    <ClCompile Include="..\xrRender\r_constants.cpp">
      <Filter>Refactored\Execution &amp; 3D\Shaders\Resources</Filter>
    </ClCompile>
    <ClCompile Include="..\xrRender\SH_Atomic.cpp">
      <Filter>Refactored\Execution &amp; 3D\Shaders\Resources</Filter>
    </ClCompile>
    <ClCompile Include="..\xrRender\SH_Constant.cpp">
      <Filter>Refactored\Execution &amp; 3D\Shaders\Resources</Filter>
    </ClCompile>
    <ClCompile Include="..\xrRender\SH_Matrix.cpp">
      <Filter>Refactored\Execution &amp; 3D\Shaders\Resources</Filter>
    </ClCompile>
    <ClCompile Include="..\xrRender\SH_RT.cpp">
      <Filter>Refactored\Execution &amp; 3D\Shaders\Resources</Filter>
    </ClCompile>
    <ClCompile Include="..\xrRender\SH_Texture.cpp">
      <Filter>Refactored\Execution &amp; 3D\Shaders\Resources</Filter>
    </ClCompile>
    <ClCompile Include="..\xrRender\Shader.cpp">
      <Filter>Refactored\Execution &amp; 3D\Shaders\Resources</Filter>
    </ClCompile>
    <ClCompile Include="..\xrRenderDX9\dx9r_constants_cache.cpp">
      <Filter>Refactored\Execution &amp; 3D\Shaders\Resources\dx9_R_shader</Filter>
    </ClCompile>
    <ClCompile Include="..\..\xrEngine\ai_script_lua_debug.cpp">
      <Filter>Refactored\Execution &amp; 3D\Shaders\ShaderManager</Filter>
    </ClCompile>
    <ClCompile Include="..\..\xrEngine\ai_script_lua_extension.cpp">
      <Filter>Refactored\Execution &amp; 3D\Shaders\ShaderManager</Filter>
    </ClCompile>
    <ClCompile Include="..\xrRender\ETextureParams.cpp">
      <Filter>Refactored\Execution &amp; 3D\Shaders\ShaderManager</Filter>
    </ClCompile>
    <ClCompile Include="..\xrRender\ResourceManager.cpp">
      <Filter>Refactored\Execution &amp; 3D\Shaders\ShaderManager</Filter>
    </ClCompile>
    <ClCompile Include="..\xrRender\ResourceManager_Loader.cpp">
      <Filter>Refactored\Execution &amp; 3D\Shaders\ShaderManager</Filter>
    </ClCompile>
    <ClCompile Include="..\xrRender\ResourceManager_Reset.cpp">
      <Filter>Refactored\Execution &amp; 3D\Shaders\ShaderManager</Filter>
    </ClCompile>
    <ClCompile Include="..\xrRender\ResourceManager_Resources.cpp">
      <Filter>Refactored\Execution &amp; 3D\Shaders\ShaderManager</Filter>
    </ClCompile>
    <ClCompile Include="..\xrRender\ResourceManager_Scripting.cpp">
      <Filter>Refactored\Execution &amp; 3D\Shaders\ShaderManager</Filter>
    </ClCompile>
    <ClCompile Include="..\xrRender\TextureDescrManager.cpp">
      <Filter>Refactored\Execution &amp; 3D\Shaders\ShaderManager</Filter>
    </ClCompile>
    <ClCompile Include="..\xrRender\blenders\Blender.cpp">
      <Filter>Refactored\Execution &amp; 3D\Shaders\Blender</Filter>
    </ClCompile>
    <ClCompile Include="..\xrRender\blenders\Blender_Palette.cpp">
      <Filter>Refactored\Execution &amp; 3D\Shaders\Blender</Filter>
    </ClCompile>
    <ClCompile Include="..\xrRender\blenders\Blender_Recorder.cpp">
      <Filter>Refactored\Execution &amp; 3D\Shaders\Blender</Filter>
    </ClCompile>
    <ClCompile Include="..\xrRender\Blender_Recorder_R2.cpp">
      <Filter>Refactored\Execution &amp; 3D\Shaders\Blender</Filter>
    </ClCompile>
    <ClCompile Include="..\xrRender\Blender_Recorder_StandartBinding.cpp">
      <Filter>Refactored\Execution &amp; 3D\Shaders\Blender</Filter>
    </ClCompile>
    <ClCompile Include="..\xrRender\tss_def.cpp">
      <Filter>Refactored\Execution &amp; 3D\Shaders\Blender</Filter>
    </ClCompile>
    <ClCompile Include="..\xrRender\D3DUtils.cpp">
      <Filter>Refactored\Execution &amp; 3D\DebugDraw</Filter>
    </ClCompile>
    <ClCompile Include="..\xrRender\du_box.cpp">
      <Filter>Refactored\Execution &amp; 3D\DebugDraw</Filter>
    </ClCompile>
    <ClCompile Include="..\xrRender\du_cone.cpp">
      <Filter>Refactored\Execution &amp; 3D\DebugDraw</Filter>
    </ClCompile>
    <ClCompile Include="..\xrRender\du_cylinder.cpp">
      <Filter>Refactored\Execution &amp; 3D\DebugDraw</Filter>
    </ClCompile>
    <ClCompile Include="..\xrRender\du_sphere.cpp">
      <Filter>Refactored\Execution &amp; 3D\DebugDraw</Filter>
    </ClCompile>
    <ClCompile Include="..\xrRender\du_sphere_part.cpp">
      <Filter>Refactored\Execution &amp; 3D\DebugDraw</Filter>
    </ClCompile>
    <ClCompile Include="..\xrRender\dxParticleCustom.cpp">
      <Filter>Refactored\Execution &amp; 3D\Visuals</Filter>
    </ClCompile>
    <ClCompile Include="..\xrRender\FBasicVisual.cpp">
      <Filter>Refactored\Execution &amp; 3D\Visuals</Filter>
    </ClCompile>
    <ClCompile Include="..\xrRender\FHierrarhyVisual.cpp">
      <Filter>Refactored\Execution &amp; 3D\Visuals</Filter>
    </ClCompile>
    <ClCompile Include="..\xrRender\Animation.cpp">
      <Filter>Refactored\Execution &amp; 3D\Visuals\Skeleton</Filter>
    </ClCompile>
    <ClCompile Include="..\xrRender\SkeletonAnimated.cpp">
      <Filter>Refactored\Execution &amp; 3D\Visuals\Skeleton</Filter>
    </ClCompile>
    <ClCompile Include="..\xrRender\SkeletonCustom.cpp">
      <Filter>Refactored\Execution &amp; 3D\Visuals\Skeleton</Filter>
    </ClCompile>
    <ClCompile Include="..\xrRender\SkeletonRigid.cpp">
      <Filter>Refactored\Execution &amp; 3D\Visuals\Skeleton</Filter>
    </ClCompile>
    <ClCompile Include="..\xrRender\SkeletonX.cpp">
      <Filter>Refactored\Execution &amp; 3D\Visuals\Skeleton</Filter>
    </ClCompile>
    <ClCompile Include="..\xrRender\xr_effgamma.cpp">
      <Filter>Refactored\Execution &amp; 3D\Gamma</Filter>
    </ClCompile>
    <ClCompile Include="..\xrRender\stats_manager.cpp">
      <Filter>Refactored\stats_manager</Filter>
    </ClCompile>
    <ClCompile Include="..\xrRender\ModelPool.cpp">
      <Filter>Models</Filter>
    </ClCompile>
    <ClCompile Include="..\xrRender\FLOD.cpp">
      <Filter>Models\Visuals</Filter>
    </ClCompile>
    <ClCompile Include="..\xrRender\FProgressive.cpp">
      <Filter>Models\Visuals</Filter>
    </ClCompile>
    <ClCompile Include="..\xrRender\FSkinned.cpp">
      <Filter>Models\Visuals</Filter>
    </ClCompile>
    <ClCompile Include="..\xrRender\FTreeVisual.cpp">
      <Filter>Models\Visuals</Filter>
    </ClCompile>
    <ClCompile Include="..\xrRender\FVisual.cpp">
      <Filter>Models\Visuals</Filter>
    </ClCompile>
    <ClCompile Include="..\xrRender\ParticleEffect.cpp">
      <Filter>Models\Visuals</Filter>
    </ClCompile>
    <ClCompile Include="..\xrRender\ParticleEffectDef.cpp">
      <Filter>Models\Visuals</Filter>
    </ClCompile>
    <ClCompile Include="..\xrRender\ParticleGroup.cpp">
      <Filter>Models\Visuals</Filter>
    </ClCompile>
  </ItemGroup>
  <ItemGroup>
    <None Include="Pipeline.txt" />
  </ItemGroup>
</Project>