<?xml version="1.0" encoding="utf-8"?>
<Project ToolsVersion="4.0" xmlns="http://schemas.microsoft.com/developer/msbuild/2003">
  <ItemGroup>
    <Filter Include="Source Files">
      <UniqueIdentifier>{4FC737F1-C7A5-4376-A066-2A32D752A2FF}</UniqueIdentifier>
      <Extensions>cpp;c;cxx;def;odl;idl;hpj;bat;asm;asmx</Extensions>
    </Filter>
    <Filter Include="Header Files">
      <UniqueIdentifier>{93995380-89BD-4b04-88EB-625FBE52EBFB}</UniqueIdentifier>
      <Extensions>h;hpp;hxx;hm;inl;inc;xsd</Extensions>
    </Filter>
    <Filter Include="Resource Files">
      <UniqueIdentifier>{67DA6AB6-F800-4c08-8B7A-83BB121AAD01}</UniqueIdentifier>
      <Extensions>rc;ico;cur;bmp;dlg;rc2;rct;bin;rgs;gif;jpg;jpeg;jpe;resx</Extensions>
    </Filter>
    <Filter Include="IDirect3D9">
      <UniqueIdentifier>{5e18b7a6-0f6e-43b0-802b-d0e04e731c60}</UniqueIdentifier>
    </Filter>
    <Filter Include="IDirect3DDevice9">
      <UniqueIdentifier>{da59546d-cde0-4ec8-b532-f237b708ce22}</UniqueIdentifier>
    </Filter>
    <Filter Include="IDirect3DQuery9">
      <UniqueIdentifier>{999545c5-17f1-4917-b0c8-98e5a3a492ce}</UniqueIdentifier>
    </Filter>
    <Filter Include="IDirect3DSurface9">
      <UniqueIdentifier>{c511a49f-5759-42db-9e04-faf5fb07fcac}</UniqueIdentifier>
    </Filter>
    <Filter Include="IDirect3DIndexBuffer9">
      <UniqueIdentifier>{c507f2d9-8cb7-4fb3-864f-5015d4f815d6}</UniqueIdentifier>
    </Filter>
    <Filter Include="IDirect3DVertexBuffer9">
      <UniqueIdentifier>{d5011c46-8b80-4c8e-9764-ab9e7ff4109d}</UniqueIdentifier>
    </Filter>
    <Filter Include="IDirect3DTexture9">
      <UniqueIdentifier>{ae8875f9-8005-48a0-b8e5-a456766e4c0e}</UniqueIdentifier>
    </Filter>
    <Filter Include="IDirect3DVertexDeclaration9">
      <UniqueIdentifier>{ee5046ac-2799-44c8-9bba-bc3fc1ec7687}</UniqueIdentifier>
    </Filter>
    <Filter Include="IDirect3DVertexShader9">
      <UniqueIdentifier>{055720eb-42dc-4307-be79-069d3d81d451}</UniqueIdentifier>
    </Filter>
    <Filter Include="IDirect3DPixelShader9">
      <UniqueIdentifier>{fa2d2b50-afda-4996-a8de-b312105d12d7}</UniqueIdentifier>
    </Filter>
    <Filter Include="IDirect3DStateBlock9">
      <UniqueIdentifier>{81442764-3078-461e-91e4-4a46c9e1c8cc}</UniqueIdentifier>
    </Filter>
    <Filter Include="IDirect3DCubeTexture9">
      <UniqueIdentifier>{e64c6cd1-fef7-4785-8efe-695882df4f4c}</UniqueIdentifier>
    </Filter>
  </ItemGroup>
  <ItemGroup>
    <ClCompile Include="stdafx.cpp">
      <Filter>Source Files</Filter>
    </ClCompile>
    <ClCompile Include="xrD3D9-Null.cpp">
      <Filter>Source Files</Filter>
    </ClCompile>
    <ClCompile Include="xrD3D9-Null_OutProc.cpp">
      <Filter>Source Files</Filter>
    </ClCompile>
    <ClCompile Include="IDirect3D9.cpp">
      <Filter>IDirect3D9</Filter>
    </ClCompile>
    <ClCompile Include="IDirect3DDevice9.cpp">
      <Filter>IDirect3DDevice9</Filter>
    </ClCompile>
    <ClCompile Include="IDirect3DDevice9_Caps.cpp">
      <Filter>IDirect3DDevice9</Filter>
    </ClCompile>
    <ClCompile Include="IDirect3DQuery9.cpp">
      <Filter>IDirect3DQuery9</Filter>
    </ClCompile>
    <ClCompile Include="IDirect3DSurface9.cpp">
      <Filter>IDirect3DSurface9</Filter>
    </ClCompile>
    <ClCompile Include="IDirect3DIndexBuffer9.cpp">
      <Filter>IDirect3DIndexBuffer9</Filter>
    </ClCompile>
    <ClCompile Include="IDirect3DVertexBuffer9.cpp">
      <Filter>IDirect3DVertexBuffer9</Filter>
    </ClCompile>
    <ClCompile Include="IDirect3DTexture9.cpp">
      <Filter>IDirect3DTexture9</Filter>
    </ClCompile>
    <ClCompile Include="IDirect3DVertexDeclaration9.cpp">
      <Filter>IDirect3DVertexDeclaration9</Filter>
    </ClCompile>
    <ClCompile Include="IDirect3DVertexShader9.cpp">
      <Filter>IDirect3DVertexShader9</Filter>
    </ClCompile>
    <ClCompile Include="IDirect3DPixelShader9.cpp">
      <Filter>IDirect3DPixelShader9</Filter>
    </ClCompile>
    <ClCompile Include="IDirect3DStateBlock9.cpp">
      <Filter>IDirect3DStateBlock9</Filter>
    </ClCompile>
    <ClCompile Include="IDirect3DCubeTexture9.cpp">
      <Filter>IDirect3DCubeTexture9</Filter>
    </ClCompile>
  </ItemGroup>
  <ItemGroup>
    <None Include="xrD3D9-Null.def">
      <Filter>Source Files</Filter>
    </None>
    <None Include="ReadMe.txt" />
  </ItemGroup>
  <ItemGroup>
    <ClInclude Include="stdafx.h">
      <Filter>Header Files</Filter>
    </ClInclude>
    <ClInclude Include="xrD3D9-Null.h">
      <Filter>Header Files</Filter>
    </ClInclude>
    <ClInclude Include="xrD3D9-Null_OutProc.h">
      <Filter>Header Files</Filter>
    </ClInclude>
    <ClInclude Include="IDirect3D9.h">
      <Filter>IDirect3D9</Filter>
    </ClInclude>
    <ClInclude Include="IDirect3DDevice9.h">
      <Filter>IDirect3DDevice9</Filter>
    </ClInclude>
    <ClInclude Include="IDirect3DQuery9.h">
      <Filter>IDirect3DQuery9</Filter>
    </ClInclude>
    <ClInclude Include="IDirect3DSurface9.h">
      <Filter>IDirect3DSurface9</Filter>
    </ClInclude>
    <ClInclude Include="IDirect3DIndexBuffer9.h">
      <Filter>IDirect3DIndexBuffer9</Filter>
    </ClInclude>
    <ClInclude Include="IDirect3DVertexBuffer9.h">
      <Filter>IDirect3DVertexBuffer9</Filter>
    </ClInclude>
    <ClInclude Include="IDirect3DTexture9.h">
      <Filter>IDirect3DTexture9</Filter>
    </ClInclude>
    <ClInclude Include="IDirect3DVertexDeclaration9.h">
      <Filter>IDirect3DVertexDeclaration9</Filter>
    </ClInclude>
    <ClInclude Include="IDirect3DVertexShader9.h">
      <Filter>IDirect3DVertexShader9</Filter>
    </ClInclude>
    <ClInclude Include="IDirect3DPixelShader9.h">
      <Filter>IDirect3DPixelShader9</Filter>
    </ClInclude>
    <ClInclude Include="IDirect3DStateBlock9.h">
      <Filter>IDirect3DStateBlock9</Filter>
    </ClInclude>
    <ClInclude Include="IDirect3DCubeTexture9.h">
      <Filter>IDirect3DCubeTexture9</Filter>
    </ClInclude>
  </ItemGroup>
</Project>